{
  "name": "13-Node-Redis-Sentinel",
  "version": "1.0.0",
  "lockfileVersion": 1,
  "requires": true,
  "dependencies": {
    "redis": {
      "version": "0.12.1",
      "resolved": "https://registry.npm.taobao.org/redis/download/redis-0.12.1.tgz?cache=0&other_urls=https%3A%2F%2Fregistry.npm.taobao.org%2Fredis%2Fdownload%2Fredis-0.12.1.tgz",
      "integrity": "sha1-ZN92rQ/IrOuuvSoGReikj6xJGF4="
    },
    "redis-sentinel": {
      "version": "0.3.3",
      "resolved": "https://registry.npm.taobao.org/redis-sentinel/download/redis-sentinel-0.3.3.tgz",
      "integrity": "sha1-K0ZGSqdpEgjH8s/foj0UiRCvlJI=",
      "requires": {
        "redis": "0.12.x",
        "when": "^3.5.1"
      }
    },
    "when": {
      "version": "3.7.8",
      "resolved": "https://registry.npm.taobao.org/when/download/when-3.7.8.tgz",
      "integrity": "sha1-xxMLan6gRpPoQs3J56Hyqjmjn4I="
    }
  }
}
